
Microsoft Visual Studio Solution File, Format Version 12.00
# Visual Studio 15
VisualStudioVersion = 15.0.28307.757
MinimumVisualStudioVersion = 10.0.40219.1
Project("{9A19103F-16F7-4668-BE54-9A1E7A4F7556}") = "DapperExample", "DapperExample\DapperExample.csproj", "{3D9479B9-9CB4-4347-8310-9A5E312ECD02}"
EndProject
Global
	GlobalSection(SolutionConfigurationPlatforms) = preSolution
		Debug|Any CPU = Debug|Any CPU
		Release|Any CPU = Release|Any CPU
	EndGlobalSection
	GlobalSection(ProjectConfigurationPlatforms) = postSolution
		{3D9479B9-9CB4-4347-8310-9A5E312ECD02}.Debug|Any CPU.ActiveCfg = Debug|Any CPU
		{3D9479B9-9CB4-4347-8310-9A5E312ECD02}.Debug|Any CPU.Build.0 = Debug|Any CPU
		{3D9479B9-9CB4-4347-8310-9A5E312ECD02}.Release|Any CPU.ActiveCfg = Release|Any CPU
		{3D9479B9-9CB4-4347-8310-9A5E312ECD02}.Release|Any CPU.Build.0 = Release|Any CPU
	EndGlobalSection
	GlobalSection(SolutionProperties) = preSolution
		HideSolutionNode = FALSE
	EndGlobalSection
	GlobalSection(ExtensibilityGlobals) = postSolution
		SolutionGuid = {F0C89191-173E-4ECF-9D2E-092DF90B3FC4}
	EndGlobalSection
EndGlobal
